// !$*UTF8*$!
{
	archiveVersion = 1;
	classes = {
	};
	objectVersion = 56;
	objects = {

/* Begin PBXBuildFile section */
		1512E3D129B50299005A8CE4 /* AppConstants.swift in Sources */ = {isa = PBXBuildFile; fileRef = 1512E3D029B50299005A8CE4 /* AppConstants.swift */; };
		1512E3D429B502F7005A8CE4 /* AppDelegate.swift in Sources */ = {isa = PBXBuildFile; fileRef = 1512E3D329B502F7005A8CE4 /* AppDelegate.swift */; };
		1512E3D629B5032F005A8CE4 /* SceneDelegate.swift in Sources */ = {isa = PBXBuildFile; fileRef = 1512E3D529B5032F005A8CE4 /* SceneDelegate.swift */; };
		159F60D42B3DE826003A7DB7 /* Mulish-Light.ttf in Resources */ = {isa = PBXBuildFile; fileRef = 159F60CE2B3DE826003A7DB7 /* Mulish-Light.ttf */; };
		159F60D52B3DE826003A7DB7 /* Mulish-ExtraLight.ttf in Resources */ = {isa = PBXBuildFile; fileRef = 159F60CF2B3DE826003A7DB7 /* Mulish-ExtraLight.ttf */; };
		159F60D62B3DE826003A7DB7 /* Mulish-Bold.ttf in Resources */ = {isa = PBXBuildFile; fileRef = 159F60D02B3DE826003A7DB7 /* Mulish-Bold.ttf */; };
		159F60D72B3DE826003A7DB7 /* Mulish-Medium.ttf in Resources */ = {isa = PBXBuildFile; fileRef = 159F60D12B3DE826003A7DB7 /* Mulish-Medium.ttf */; };
		159F60D82B3DE826003A7DB7 /* Mulish-Regular.ttf in Resources */ = {isa = PBXBuildFile; fileRef = 159F60D22B3DE826003A7DB7 /* Mulish-Regular.ttf */; };
		159F60D92B3DE826003A7DB7 /* Mulish-SemiBold.ttf in Resources */ = {isa = PBXBuildFile; fileRef = 159F60D32B3DE826003A7DB7 /* Mulish-SemiBold.ttf */; };
		159F60DC2B3DEB26003A7DB7 /* AppTexts.swift in Sources */ = {isa = PBXBuildFile; fileRef = 159F60DB2B3DEB26003A7DB7 /* AppTexts.swift */; };
		15BAC76D2AB1E55200622785 /* MyTextField.swift in Sources */ = {isa = PBXBuildFile; fileRef = 15BAC76C2AB1E55200622785 /* MyTextField.swift */; };
		15BAC76F2AB1E5FD00622785 /* Colors.xcassets in Resources */ = {isa = PBXBuildFile; fileRef = 15BAC76E2AB1E5FD00622785 /* Colors.xcassets */; };
		15BAC7732AB1E7A000622785 /* MyTextView.swift in Sources */ = {isa = PBXBuildFile; fileRef = 15BAC7722AB1E7A000622785 /* MyTextView.swift */; };
		15BAC7752AB1E7D300622785 /* AdjustableHeightTextView.swift in Sources */ = {isa = PBXBuildFile; fileRef = 15BAC7742AB1E7D300622785 /* AdjustableHeightTextView.swift */; };
		15BAC7772AB1E9D500622785 /* Extenstions.swift in Sources */ = {isa = PBXBuildFile; fileRef = 15BAC7762AB1E9D500622785 /* Extenstions.swift */; };
		15BAC7792AB1EA8600622785 /* RoundedRectangleStyle.swift in Sources */ = {isa = PBXBuildFile; fileRef = 15BAC7782AB1EA8600622785 /* RoundedRectangleStyle.swift */; };
		15CDE2B729956823002AA804 /* AppEnvironmentObject.swift in Sources */ = {isa = PBXBuildFile; fileRef = 15CDE2B629956822002AA804 /* AppEnvironmentObject.swift */; };
		15CDE2B929956898002AA804 /* Singleton.swift in Sources */ = {isa = PBXBuildFile; fileRef = 15CDE2B829956898002AA804 /* Singleton.swift */; };
		15E9374D2993EED200E7C417 /* NotesApp.swift in Sources */ = {isa = PBXBuildFile; fileRef = 15E9374C2993EED200E7C417 /* NotesApp.swift */; };
		15E9374F2993EED200E7C417 /* ContentView.swift in Sources */ = {isa = PBXBuildFile; fileRef = 15E9374E2993EED200E7C417 /* ContentView.swift */; };
		15E937512993EED200E7C417 /* Assets.xcassets in Resources */ = {isa = PBXBuildFile; fileRef = 15E937502993EED200E7C417 /* Assets.xcassets */; };
		15E937542993EED200E7C417 /* Preview Assets.xcassets in Resources */ = {isa = PBXBuildFile; fileRef = 15E937532993EED200E7C417 /* Preview Assets.xcassets */; };
		15E937562993EED200E7C417 /* PersistenceController.swift in Sources */ = {isa = PBXBuildFile; fileRef = 15E937552993EED200E7C417 /* PersistenceController.swift */; };
		15E937592993EED200E7C417 /* NotesApp.xcdatamodeld in Sources */ = {isa = PBXBuildFile; fileRef = 15E937572993EED200E7C417 /* NotesApp.xcdatamodeld */; };
		15E937632993EED300E7C417 /* NotesAppTests.swift in Sources */ = {isa = PBXBuildFile; fileRef = 15E937622993EED300E7C417 /* NotesAppTests.swift */; };
		15E9376D2993EED300E7C417 /* NotesAppUITests.swift in Sources */ = {isa = PBXBuildFile; fileRef = 15E9376C2993EED300E7C417 /* NotesAppUITests.swift */; };
		15E9376F2993EED300E7C417 /* NotesAppUITestsLaunchTests.swift in Sources */ = {isa = PBXBuildFile; fileRef = 15E9376E2993EED300E7C417 /* NotesAppUITestsLaunchTests.swift */; };
		15E9377C29940A8600E7C417 /* AddNoteScreen.swift in Sources */ = {isa = PBXBuildFile; fileRef = 15E9377B29940A8600E7C417 /* AddNoteScreen.swift */; };
		15E9378029940DC500E7C417 /* ShowNotesScreen.swift in Sources */ = {isa = PBXBuildFile; fileRef = 15E9377F29940DC500E7C417 /* ShowNotesScreen.swift */; };
/* End PBXBuildFile section */

/* Begin PBXContainerItemProxy section */
		15E9375F2993EED300E7C417 /* PBXContainerItemProxy */ = {
			isa = PBXContainerItemProxy;
			containerPortal = 15E937412993EED200E7C417 /* Project object */;
			proxyType = 1;
			remoteGlobalIDString = 15E937482993EED200E7C417;
			remoteInfo = NotesApp;
		};
		15E937692993EED300E7C417 /* PBXContainerItemProxy */ = {
			isa = PBXContainerItemProxy;
			containerPortal = 15E937412993EED200E7C417 /* Project object */;
			proxyType = 1;
			remoteGlobalIDString = 15E937482993EED200E7C417;
			remoteInfo = NotesApp;
		};
/* End PBXContainerItemProxy section */

/* Begin PBXFileReference section */
		1512E3D029B50299005A8CE4 /* AppConstants.swift */ = {isa = PBXFileReference; lastKnownFileType = sourcecode.swift; path = AppConstants.swift; sourceTree = "<group>"; };
		1512E3D329B502F7005A8CE4 /* AppDelegate.swift */ = {isa = PBXFileReference; lastKnownFileType = sourcecode.swift; path = AppDelegate.swift; sourceTree = "<group>"; };
		1512E3D529B5032F005A8CE4 /* SceneDelegate.swift */ = {isa = PBXFileReference; lastKnownFileType = sourcecode.swift; path = SceneDelegate.swift; sourceTree = "<group>"; };
		159F60CE2B3DE826003A7DB7 /* Mulish-Light.ttf */ = {isa = PBXFileReference; lastKnownFileType = file; path = "Mulish-Light.ttf"; sourceTree = "<group>"; };
		159F60CF2B3DE826003A7DB7 /* Mulish-ExtraLight.ttf */ = {isa = PBXFileReference; lastKnownFileType = file; path = "Mulish-ExtraLight.ttf"; sourceTree = "<group>"; };
		159F60D02B3DE826003A7DB7 /* Mulish-Bold.ttf */ = {isa = PBXFileReference; lastKnownFileType = file; path = "Mulish-Bold.ttf"; sourceTree = "<group>"; };
		159F60D12B3DE826003A7DB7 /* Mulish-Medium.ttf */ = {isa = PBXFileReference; lastKnownFileType = file; path = "Mulish-Medium.ttf"; sourceTree = "<group>"; };
		159F60D22B3DE826003A7DB7 /* Mulish-Regular.ttf */ = {isa = PBXFileReference; lastKnownFileType = file; path = "Mulish-Regular.ttf"; sourceTree = "<group>"; };
		159F60D32B3DE826003A7DB7 /* Mulish-SemiBold.ttf */ = {isa = PBXFileReference; lastKnownFileType = file; path = "Mulish-SemiBold.ttf"; sourceTree = "<group>"; };
		159F60DA2B3DE83F003A7DB7 /* Info.plist */ = {isa = PBXFileReference; lastKnownFileType = text.plist; path = Info.plist; sourceTree = "<group>"; };
		159F60DB2B3DEB26003A7DB7 /* AppTexts.swift */ = {isa = PBXFileReference; lastKnownFileType = sourcecode.swift; path = AppTexts.swift; sourceTree = "<group>"; };
		15BAC76C2AB1E55200622785 /* MyTextField.swift */ = {isa = PBXFileReference; lastKnownFileType = sourcecode.swift; path = MyTextField.swift; sourceTree = "<group>"; };
		15BAC76E2AB1E5FD00622785 /* Colors.xcassets */ = {isa = PBXFileReference; lastKnownFileType = folder.assetcatalog; path = Colors.xcassets; sourceTree = "<group>"; };
		15BAC7722AB1E7A000622785 /* MyTextView.swift */ = {isa = PBXFileReference; lastKnownFileType = sourcecode.swift; path = MyTextView.swift; sourceTree = "<group>"; };
		15BAC7742AB1E7D300622785 /* AdjustableHeightTextView.swift */ = {isa = PBXFileReference; lastKnownFileType = sourcecode.swift; path = AdjustableHeightTextView.swift; sourceTree = "<group>"; };
		15BAC7762AB1E9D500622785 /* Extenstions.swift */ = {isa = PBXFileReference; lastKnownFileType = sourcecode.swift; path = Extenstions.swift; sourceTree = "<group>"; };
		15BAC7782AB1EA8600622785 /* RoundedRectangleStyle.swift */ = {isa = PBXFileReference; lastKnownFileType = sourcecode.swift; path = RoundedRectangleStyle.swift; sourceTree = "<group>"; };
		15CDE2B629956822002AA804 /* AppEnvironmentObject.swift */ = {isa = PBXFileReference; lastKnownFileType = sourcecode.swift; path = AppEnvironmentObject.swift; sourceTree = "<group>"; };
		15CDE2B829956898002AA804 /* Singleton.swift */ = {isa = PBXFileReference; lastKnownFileType = sourcecode.swift; path = Singleton.swift; sourceTree = "<group>"; };
		15E937492993EED200E7C417 /* NotesApp.app */ = {isa = PBXFileReference; explicitFileType = wrapper.application; includeInIndex = 0; path = NotesApp.app; sourceTree = BUILT_PRODUCTS_DIR; };
		15E9374C2993EED200E7C417 /* NotesApp.swift */ = {isa = PBXFileReference; lastKnownFileType = sourcecode.swift; path = NotesApp.swift; sourceTree = "<group>"; };
		15E9374E2993EED200E7C417 /* ContentView.swift */ = {isa = PBXFileReference; lastKnownFileType = sourcecode.swift; path = ContentView.swift; sourceTree = "<group>"; };
		15E937502993EED200E7C417 /* Assets.xcassets */ = {isa = PBXFileReference; lastKnownFileType = folder.assetcatalog; path = Assets.xcassets; sourceTree = "<group>"; };
		15E937532993EED200E7C417 /* Preview Assets.xcassets */ = {isa = PBXFileReference; lastKnownFileType = folder.assetcatalog; path = "Preview Assets.xcassets"; sourceTree = "<group>"; };
		15E937552993EED200E7C417 /* PersistenceController.swift */ = {isa = PBXFileReference; lastKnownFileType = sourcecode.swift; path = PersistenceController.swift; sourceTree = "<group>"; };
		15E937582993EED200E7C417 /* NotesApp.xcdatamodel */ = {isa = PBXFileReference; lastKnownFileType = wrapper.xcdatamodel; path = NotesApp.xcdatamodel; sourceTree = "<group>"; };
		15E9375E2993EED300E7C417 /* NotesAppTests.xctest */ = {isa = PBXFileReference; explicitFileType = wrapper.cfbundle; includeInIndex = 0; path = NotesAppTests.xctest; sourceTree = BUILT_PRODUCTS_DIR; };
		15E937622993EED300E7C417 /* NotesAppTests.swift */ = {isa = PBXFileReference; lastKnownFileType = sourcecode.swift; path = NotesAppTests.swift; sourceTree = "<group>"; };
		15E937682993EED300E7C417 /* NotesAppUITests.xctest */ = {isa = PBXFileReference; explicitFileType = wrapper.cfbundle; includeInIndex = 0; path = NotesAppUITests.xctest; sourceTree = BUILT_PRODUCTS_DIR; };
		15E9376C2993EED300E7C417 /* NotesAppUITests.swift */ = {isa = PBXFileReference; lastKnownFileType = sourcecode.swift; path = NotesAppUITests.swift; sourceTree = "<group>"; };
		15E9376E2993EED300E7C417 /* NotesAppUITestsLaunchTests.swift */ = {isa = PBXFileReference; lastKnownFileType = sourcecode.swift; path = NotesAppUITestsLaunchTests.swift; sourceTree = "<group>"; };
		15E9377B29940A8600E7C417 /* AddNoteScreen.swift */ = {isa = PBXFileReference; lastKnownFileType = sourcecode.swift; path = AddNoteScreen.swift; sourceTree = "<group>"; };
		15E9377F29940DC500E7C417 /* ShowNotesScreen.swift */ = {isa = PBXFileReference; lastKnownFileType = sourcecode.swift; path = ShowNotesScreen.swift; sourceTree = "<group>"; };
/* End PBXFileReference section */

/* Begin PBXFrameworksBuildPhase section */
		15E937462993EED200E7C417 /* Frameworks */ = {
			isa = PBXFrameworksBuildPhase;
			buildActionMask = 2147483647;
			files = (
			);
			runOnlyForDeploymentPostprocessing = 0;
		};
		15E9375B2993EED300E7C417 /* Frameworks */ = {
			isa = PBXFrameworksBuildPhase;
			buildActionMask = 2147483647;
			files = (
			);
			runOnlyForDeploymentPostprocessing = 0;
		};
		15E937652993EED300E7C417 /* Frameworks */ = {
			isa = PBXFrameworksBuildPhase;
			buildActionMask = 2147483647;
			files = (
			);
			runOnlyForDeploymentPostprocessing = 0;
		};
/* End PBXFrameworksBuildPhase section */

/* Begin PBXGroup section */
		1512E3D229B502C1005A8CE4 /* App */ = {
			isa = PBXGroup;
			children = (
				15E9374C2993EED200E7C417 /* NotesApp.swift */,
				1512E3D329B502F7005A8CE4 /* AppDelegate.swift */,
				1512E3D529B5032F005A8CE4 /* SceneDelegate.swift */,
			);
			path = App;
			sourceTree = "<group>";
		};
		1512E3D729B5037A005A8CE4 /* Screens and Widgets */ = {
			isa = PBXGroup;
			children = (
				15E9377B29940A8600E7C417 /* AddNoteScreen.swift */,
				15E9374E2993EED200E7C417 /* ContentView.swift */,
				15E9377F29940DC500E7C417 /* ShowNotesScreen.swift */,
				15BAC76B2AB1E53900622785 /* Widgets */,
			);
			path = "Screens and Widgets";
			sourceTree = "<group>";
		};
		1512E3D829B50493005A8CE4 /* Assets */ = {
			isa = PBXGroup;
			children = (
				159F60CD2B3DE768003A7DB7 /* Fonts */,
				15E937502993EED200E7C417 /* Assets.xcassets */,
				15BAC76E2AB1E5FD00622785 /* Colors.xcassets */,
				15E937572993EED200E7C417 /* NotesApp.xcdatamodeld */,
			);
			path = Assets;
			sourceTree = "<group>";
		};
		159F60CD2B3DE768003A7DB7 /* Fonts */ = {
			isa = PBXGroup;
			children = (
				159F60D02B3DE826003A7DB7 /* Mulish-Bold.ttf */,
				159F60CF2B3DE826003A7DB7 /* Mulish-ExtraLight.ttf */,
				159F60CE2B3DE826003A7DB7 /* Mulish-Light.ttf */,
				159F60D12B3DE826003A7DB7 /* Mulish-Medium.ttf */,
				159F60D22B3DE826003A7DB7 /* Mulish-Regular.ttf */,
				159F60D32B3DE826003A7DB7 /* Mulish-SemiBold.ttf */,
			);
			path = Fonts;
			sourceTree = "<group>";
		};
		15BAC76B2AB1E53900622785 /* Widgets */ = {
			isa = PBXGroup;
			children = (
				15BAC76C2AB1E55200622785 /* MyTextField.swift */,
				15BAC7722AB1E7A000622785 /* MyTextView.swift */,
				15BAC7782AB1EA8600622785 /* RoundedRectangleStyle.swift */,
				15BAC7742AB1E7D300622785 /* AdjustableHeightTextView.swift */,
			);
			path = Widgets;
			sourceTree = "<group>";
		};
		15CDE2B529956811002AA804 /* Utils */ = {
			isa = PBXGroup;
			children = (
				15CDE2B629956822002AA804 /* AppEnvironmentObject.swift */,
				159F60DB2B3DEB26003A7DB7 /* AppTexts.swift */,
				1512E3D029B50299005A8CE4 /* AppConstants.swift */,
				15CDE2B829956898002AA804 /* Singleton.swift */,
				15BAC7762AB1E9D500622785 /* Extenstions.swift */,
				15E937552993EED200E7C417 /* PersistenceController.swift */,
			);
			path = Utils;
			sourceTree = "<group>";
		};
		15E937402993EED200E7C417 = {
			isa = PBXGroup;
			children = (
				15E9374B2993EED200E7C417 /* NotesApp */,
				15E937612993EED300E7C417 /* NotesAppTests */,
				15E9376B2993EED300E7C417 /* NotesAppUITests */,
				15E9374A2993EED200E7C417 /* Products */,
			);
			sourceTree = "<group>";
		};
		15E9374A2993EED200E7C417 /* Products */ = {
			isa = PBXGroup;
			children = (
				15E937492993EED200E7C417 /* NotesApp.app */,
				15E9375E2993EED300E7C417 /* NotesAppTests.xctest */,
				15E937682993EED300E7C417 /* NotesAppUITests.xctest */,
			);
			name = Products;
			sourceTree = "<group>";
		};
		15E9374B2993EED200E7C417 /* NotesApp */ = {
			isa = PBXGroup;
			children = (
				159F60DA2B3DE83F003A7DB7 /* Info.plist */,
				1512E3D229B502C1005A8CE4 /* App */,
				1512E3D829B50493005A8CE4 /* Assets */,
				1512E3D729B5037A005A8CE4 /* Screens and Widgets */,
				15CDE2B529956811002AA804 /* Utils */,
				15E937522993EED200E7C417 /* Preview Content */,
			);
			path = NotesApp;
			sourceTree = "<group>";
		};
		15E937522993EED200E7C417 /* Preview Content */ = {
			isa = PBXGroup;
			children = (
				15E937532993EED200E7C417 /* Preview Assets.xcassets */,
			);
			path = "Preview Content";
			sourceTree = "<group>";
		};
		15E937612993EED300E7C417 /* NotesAppTests */ = {
			isa = PBXGroup;
			children = (
				15E937622993EED300E7C417 /* NotesAppTests.swift */,
			);
			path = NotesAppTests;
			sourceTree = "<group>";
		};
		15E9376B2993EED300E7C417 /* NotesAppUITests */ = {
			isa = PBXGroup;
			children = (
				15E9376C2993EED300E7C417 /* NotesAppUITests.swift */,
				15E9376E2993EED300E7C417 /* NotesAppUITestsLaunchTests.swift */,
			);
			path = NotesAppUITests;
			sourceTree = "<group>";
		};
/* End PBXGroup section */

/* Begin PBXNativeTarget section */
		15E937482993EED200E7C417 /* NotesApp */ = {
			isa = PBXNativeTarget;
			buildConfigurationList = 15E937722993EED300E7C417 /* Build configuration list for PBXNativeTarget "NotesApp" */;
			buildPhases = (
				15E937452993EED200E7C417 /* Sources */,
				15E937462993EED200E7C417 /* Frameworks */,
				15E937472993EED200E7C417 /* Resources */,
			);
			buildRules = (
			);
			dependencies = (
			);
			name = NotesApp;
			productName = NotesApp;
			productReference = 15E937492993EED200E7C417 /* NotesApp.app */;
			productType = "com.apple.product-type.application";
		};
		15E9375D2993EED300E7C417 /* NotesAppTests */ = {
			isa = PBXNativeTarget;
			buildConfigurationList = 15E937752993EED300E7C417 /* Build configuration list for PBXNativeTarget "NotesAppTests" */;
			buildPhases = (
				15E9375A2993EED300E7C417 /* Sources */,
				15E9375B2993EED300E7C417 /* Frameworks */,
				15E9375C2993EED300E7C417 /* Resources */,
			);
			buildRules = (
			);
			dependencies = (
				15E937602993EED300E7C417 /* PBXTargetDependency */,
			);
			name = NotesAppTests;
			productName = NotesAppTests;
			productReference = 15E9375E2993EED300E7C417 /* NotesAppTests.xctest */;
			productType = "com.apple.product-type.bundle.unit-test";
		};
		15E937672993EED300E7C417 /* NotesAppUITests */ = {
			isa = PBXNativeTarget;
			buildConfigurationList = 15E937782993EED300E7C417 /* Build configuration list for PBXNativeTarget "NotesAppUITests" */;
			buildPhases = (
				15E937642993EED300E7C417 /* Sources */,
				15E937652993EED300E7C417 /* Frameworks */,
				15E937662993EED300E7C417 /* Resources */,
			);
			buildRules = (
			);
			dependencies = (
				15E9376A2993EED300E7C417 /* PBXTargetDependency */,
			);
			name = NotesAppUITests;
			productName = NotesAppUITests;
			productReference = 15E937682993EED300E7C417 /* NotesAppUITests.xctest */;
			productType = "com.apple.product-type.bundle.ui-testing";
		};
/* End PBXNativeTarget section */

/* Begin PBXProject section */
		15E937412993EED200E7C417 /* Project object */ = {
			isa = PBXProject;
			attributes = {
				BuildIndependentTargetsInParallel = 1;
				LastSwiftUpdateCheck = 1420;
				LastUpgradeCheck = 1420;
				TargetAttributes = {
					15E937482993EED200E7C417 = {
						CreatedOnToolsVersion = 14.2;
					};
					15E9375D2993EED300E7C417 = {
						CreatedOnToolsVersion = 14.2;
						TestTargetID = 15E937482993EED200E7C417;
					};
					15E937672993EED300E7C417 = {
						CreatedOnToolsVersion = 14.2;
						TestTargetID = 15E937482993EED200E7C417;
					};
				};
			};
			buildConfigurationList = 15E937442993EED200E7C417 /* Build configuration list for PBXProject "NotesApp" */;
			compatibilityVersion = "Xcode 14.0";
			developmentRegion = en;
			hasScannedForEncodings = 0;
			knownRegions = (
				en,
				Base,
			);
			mainGroup = 15E937402993EED200E7C417;
			productRefGroup = 15E9374A2993EED200E7C417 /* Products */;
			projectDirPath = "";
			projectRoot = "";
			targets = (
				15E937482993EED200E7C417 /* NotesApp */,
				15E9375D2993EED300E7C417 /* NotesAppTests */,
				15E937672993EED300E7C417 /* NotesAppUITests */,
			);
		};
/* End PBXProject section */

/* Begin PBXResourcesBuildPhase section */
		15E937472993EED200E7C417 /* Resources */ = {
			isa = PBXResourcesBuildPhase;
			buildActionMask = 2147483647;
			files = (
				15BAC76F2AB1E5FD00622785 /* Colors.xcassets in Resources */,
				15E937542993EED200E7C417 /* Preview Assets.xcassets in Resources */,
				159F60D52B3DE826003A7DB7 /* Mulish-ExtraLight.ttf in Resources */,
				159F60D92B3DE826003A7DB7 /* Mulish-SemiBold.ttf in Resources */,
				159F60D62B3DE826003A7DB7 /* Mulish-Bold.ttf in Resources */,
				15E937512993EED200E7C417 /* Assets.xcassets in Resources */,
				159F60D42B3DE826003A7DB7 /* Mulish-Light.ttf in Resources */,
				159F60D72B3DE826003A7DB7 /* Mulish-Medium.ttf in Resources */,
				159F60D82B3DE826003A7DB7 /* Mulish-Regular.ttf in Resources */,
			);
			runOnlyForDeploymentPostprocessing = 0;
		};
		15E9375C2993EED300E7C417 /* Resources */ = {
			isa = PBXResourcesBuildPhase;
			buildActionMask = 2147483647;
			files = (
			);
			runOnlyForDeploymentPostprocessing = 0;
		};
		15E937662993EED300E7C417 /* Resources */ = {
			isa = PBXResourcesBuildPhase;
			buildActionMask = 2147483647;
			files = (
			);
			runOnlyForDeploymentPostprocessing = 0;
		};
/* End PBXResourcesBuildPhase section */

/* Begin PBXSourcesBuildPhase section */
		15E937452993EED200E7C417 /* Sources */ = {
			isa = PBXSourcesBuildPhase;
			buildActionMask = 2147483647;
			files = (
				159F60DC2B3DEB26003A7DB7 /* AppTexts.swift in Sources */,
				15E937562993EED200E7C417 /* PersistenceController.swift in Sources */,
				15BAC7772AB1E9D500622785 /* Extenstions.swift in Sources */,
				15BAC7732AB1E7A000622785 /* MyTextView.swift in Sources */,
				1512E3D129B50299005A8CE4 /* AppConstants.swift in Sources */,
				15E9374F2993EED200E7C417 /* ContentView.swift in Sources */,
				15BAC76D2AB1E55200622785 /* MyTextField.swift in Sources */,
				15E9378029940DC500E7C417 /* ShowNotesScreen.swift in Sources */,
				15E9377C29940A8600E7C417 /* AddNoteScreen.swift in Sources */,
				15BAC7752AB1E7D300622785 /* AdjustableHeightTextView.swift in Sources */,
				15E9374D2993EED200E7C417 /* NotesApp.swift in Sources */,
				15CDE2B929956898002AA804 /* Singleton.swift in Sources */,
				1512E3D629B5032F005A8CE4 /* SceneDelegate.swift in Sources */,
				15E937592993EED200E7C417 /* NotesApp.xcdatamodeld in Sources */,
				15BAC7792AB1EA8600622785 /* RoundedRectangleStyle.swift in Sources */,
				1512E3D429B502F7005A8CE4 /* AppDelegate.swift in Sources */,
				15CDE2B729956823002AA804 /* AppEnvironmentObject.swift in Sources */,
			);
			runOnlyForDeploymentPostprocessing = 0;
		};
		15E9375A2993EED300E7C417 /* Sources */ = {
			isa = PBXSourcesBuildPhase;
			buildActionMask = 2147483647;
			files = (
				15E937632993EED300E7C417 /* NotesAppTests.swift in Sources */,
			);
			runOnlyForDeploymentPostprocessing = 0;
		};
		15E937642993EED300E7C417 /* Sources */ = {
			isa = PBXSourcesBuildPhase;
			buildActionMask = 2147483647;
			files = (
				15E9376F2993EED300E7C417 /* NotesAppUITestsLaunchTests.swift in Sources */,
				15E9376D2993EED300E7C417 /* NotesAppUITests.swift in Sources */,
			);
			runOnlyForDeploymentPostprocessing = 0;
		};
/* End PBXSourcesBuildPhase section */

/* Begin PBXTargetDependency section */
		15E937602993EED300E7C417 /* PBXTargetDependency */ = {
			isa = PBXTargetDependency;
			target = 15E937482993EED200E7C417 /* NotesApp */;
			targetProxy = 15E9375F2993EED300E7C417 /* PBXContainerItemProxy */;
		};
		15E9376A2993EED300E7C417 /* PBXTargetDependency */ = {
			isa = PBXTargetDependency;
			target = 15E937482993EED200E7C417 /* NotesApp */;
			targetProxy = 15E937692993EED300E7C417 /* PBXContainerItemProxy */;
		};
/* End PBXTargetDependency section */

/* Begin XCBuildConfiguration section */
		15E937702993EED300E7C417 /* Debug */ = {
			isa = XCBuildConfiguration;
			buildSettings = {
				ALWAYS_SEARCH_USER_PATHS = NO;
				CLANG_ANALYZER_NONNULL = YES;
				CLANG_ANALYZER_NUMBER_OBJECT_CONVERSION = YES_AGGRESSIVE;
				CLANG_CXX_LANGUAGE_STANDARD = "gnu++20";
				CLANG_ENABLE_MODULES = YES;
				CLANG_ENABLE_OBJC_ARC = YES;
				CLANG_ENABLE_OBJC_WEAK = YES;
				CLANG_WARN_BLOCK_CAPTURE_AUTORELEASING = YES;
				CLANG_WARN_BOOL_CONVERSION = YES;
				CLANG_WARN_COMMA = YES;
				CLANG_WARN_CONSTANT_CONVERSION = YES;
				CLANG_WARN_DEPRECATED_OBJC_IMPLEMENTATIONS = YES;
				CLANG_WARN_DIRECT_OBJC_ISA_USAGE = YES_ERROR;
				CLANG_WARN_DOCUMENTATION_COMMENTS = YES;
				CLANG_WARN_EMPTY_BODY = YES;
				CLANG_WARN_ENUM_CONVERSION = YES;
				CLANG_WARN_INFINITE_RECURSION = YES;
				CLANG_WARN_INT_CONVERSION = YES;
				CLANG_WARN_NON_LITERAL_NULL_CONVERSION = YES;
				CLANG_WARN_OBJC_IMPLICIT_RETAIN_SELF = YES;
				CLANG_WARN_OBJC_LITERAL_CONVERSION = YES;
				CLANG_WARN_OBJC_ROOT_CLASS = YES_ERROR;
				CLANG_WARN_QUOTED_INCLUDE_IN_FRAMEWORK_HEADER = YES;
				CLANG_WARN_RANGE_LOOP_ANALYSIS = YES;
				CLANG_WARN_STRICT_PROTOTYPES = YES;
				CLANG_WARN_SUSPICIOUS_MOVE = YES;
				CLANG_WARN_UNGUARDED_AVAILABILITY = YES_AGGRESSIVE;
				CLANG_WARN_UNREACHABLE_CODE = YES;
				CLANG_WARN__DUPLICATE_METHOD_MATCH = YES;
				COPY_PHASE_STRIP = NO;
				DEBUG_INFORMATION_FORMAT = dwarf;
				ENABLE_STRICT_OBJC_MSGSEND = YES;
				ENABLE_TESTABILITY = YES;
				GCC_C_LANGUAGE_STANDARD = gnu11;
				GCC_DYNAMIC_NO_PIC = NO;
				GCC_NO_COMMON_BLOCKS = YES;
				GCC_OPTIMIZATION_LEVEL = 0;
				GCC_PREPROCESSOR_DEFINITIONS = (
					"DEBUG=1",
					"$(inherited)",
				);
				GCC_WARN_64_TO_32_BIT_CONVERSION = YES;
				GCC_WARN_ABOUT_RETURN_TYPE = YES_ERROR;
				GCC_WARN_UNDECLARED_SELECTOR = YES;
				GCC_WARN_UNINITIALIZED_AUTOS = YES_AGGRESSIVE;
				GCC_WARN_UNUSED_FUNCTION = YES;
				GCC_WARN_UNUSED_VARIABLE = YES;
				IPHONEOS_DEPLOYMENT_TARGET = 16.2;
				MTL_ENABLE_DEBUG_INFO = INCLUDE_SOURCE;
				MTL_FAST_MATH = YES;
				ONLY_ACTIVE_ARCH = YES;
				SDKROOT = iphoneos;
				SWIFT_ACTIVE_COMPILATION_CONDITIONS = DEBUG;
				SWIFT_OPTIMIZATION_LEVEL = "-Onone";
			};
			name = Debug;
		};
		15E937712993EED300E7C417 /* Release */ = {
			isa = XCBuildConfiguration;
			buildSettings = {
				ALWAYS_SEARCH_USER_PATHS = NO;
				CLANG_ANALYZER_NONNULL = YES;
				CLANG_ANALYZER_NUMBER_OBJECT_CONVERSION = YES_AGGRESSIVE;
				CLANG_CXX_LANGUAGE_STANDARD = "gnu++20";
				CLANG_ENABLE_MODULES = YES;
				CLANG_ENABLE_OBJC_ARC = YES;
				CLANG_ENABLE_OBJC_WEAK = YES;
				CLANG_WARN_BLOCK_CAPTURE_AUTORELEASING = YES;
				CLANG_WARN_BOOL_CONVERSION = YES;
				CLANG_WARN_COMMA = YES;
				CLANG_WARN_CONSTANT_CONVERSION = YES;
				CLANG_WARN_DEPRECATED_OBJC_IMPLEMENTATIONS = YES;
				CLANG_WARN_DIRECT_OBJC_ISA_USAGE = YES_ERROR;
				CLANG_WARN_DOCUMENTATION_COMMENTS = YES;
				CLANG_WARN_EMPTY_BODY = YES;
				CLANG_WARN_ENUM_CONVERSION = YES;
				CLANG_WARN_INFINITE_RECURSION = YES;
				CLANG_WARN_INT_CONVERSION = YES;
				CLANG_WARN_NON_LITERAL_NULL_CONVERSION = YES;
				CLANG_WARN_OBJC_IMPLICIT_RETAIN_SELF = YES;
				CLANG_WARN_OBJC_LITERAL_CONVERSION = YES;
				CLANG_WARN_OBJC_ROOT_CLASS = YES_ERROR;
				CLANG_WARN_QUOTED_INCLUDE_IN_FRAMEWORK_HEADER = YES;
				CLANG_WARN_RANGE_LOOP_ANALYSIS = YES;
				CLANG_WARN_STRICT_PROTOTYPES = YES;
				CLANG_WARN_SUSPICIOUS_MOVE = YES;
				CLANG_WARN_UNGUARDED_AVAILABILITY = YES_AGGRESSIVE;
				CLANG_WARN_UNREACHABLE_CODE = YES;
				CLANG_WARN__DUPLICATE_METHOD_MATCH = YES;
				COPY_PHASE_STRIP = NO;
				DEBUG_INFORMATION_FORMAT = "dwarf-with-dsym";
				ENABLE_NS_ASSERTIONS = NO;
				ENABLE_STRICT_OBJC_MSGSEND = YES;
				GCC_C_LANGUAGE_STANDARD = gnu11;
				GCC_NO_COMMON_BLOCKS = YES;
				GCC_WARN_64_TO_32_BIT_CONVERSION = YES;
				GCC_WARN_ABOUT_RETURN_TYPE = YES_ERROR;
				GCC_WARN_UNDECLARED_SELECTOR = YES;
				GCC_WARN_UNINITIALIZED_AUTOS = YES_AGGRESSIVE;
				GCC_WARN_UNUSED_FUNCTION = YES;
				GCC_WARN_UNUSED_VARIABLE = YES;
				IPHONEOS_DEPLOYMENT_TARGET = 16.2;
				MTL_ENABLE_DEBUG_INFO = NO;
				MTL_FAST_MATH = YES;
				SDKROOT = iphoneos;
				SWIFT_COMPILATION_MODE = wholemodule;
				SWIFT_OPTIMIZATION_LEVEL = "-O";
				VALIDATE_PRODUCT = YES;
			};
			name = Release;
		};
		15E937732993EED300E7C417 /* Debug */ = {
			isa = XCBuildConfiguration;
			buildSettings = {
				ASSETCATALOG_COMPILER_APPICON_NAME = AppIcon;
				ASSETCATALOG_COMPILER_GLOBAL_ACCENT_COLOR_NAME = AccentColor;
				CODE_SIGN_STYLE = Automatic;
				CURRENT_PROJECT_VERSION = 1;
				DEVELOPMENT_ASSET_PATHS = "\"NotesApp/Preview Content\"";
				ENABLE_PREVIEWS = YES;
				GENERATE_INFOPLIST_FILE = YES;
				INFOPLIST_FILE = NotesApp/Info.plist;
				INFOPLIST_KEY_UIApplicationSceneManifest_Generation = YES;
				INFOPLIST_KEY_UIApplicationSupportsIndirectInputEvents = YES;
				INFOPLIST_KEY_UILaunchScreen_Generation = YES;
				INFOPLIST_KEY_UISupportedInterfaceOrientations_iPad = "UIInterfaceOrientationPortrait UIInterfaceOrientationPortraitUpsideDown UIInterfaceOrientationLandscapeLeft UIInterfaceOrientationLandscapeRight";
				INFOPLIST_KEY_UISupportedInterfaceOrientations_iPhone = "UIInterfaceOrientationPortrait UIInterfaceOrientationLandscapeLeft UIInterfaceOrientationLandscapeRight";
				LD_RUNPATH_SEARCH_PATHS = (
					"$(inherited)",
					"@executable_path/Frameworks",
				);
				MARKETING_VERSION = 1.0;
				PRODUCT_BUNDLE_IDENTIFIER = com.me.NotesApp;
				PRODUCT_NAME = "$(TARGET_NAME)";
				SWIFT_EMIT_LOC_STRINGS = YES;
				SWIFT_VERSION = 5.0;
				TARGETED_DEVICE_FAMILY = "1,2";
			};
			name = Debug;
		};
		15E937742993EED300E7C417 /* Release */ = {
			isa = XCBuildConfiguration;
			buildSettings = {
				ASSETCATALOG_COMPILER_APPICON_NAME = AppIcon;
				ASSETCATALOG_COMPILER_GLOBAL_ACCENT_COLOR_NAME = AccentColor;
				CODE_SIGN_STYLE = Automatic;
				CURRENT_PROJECT_VERSION = 1;
				DEVELOPMENT_ASSET_PATHS = "\"NotesApp/Preview Content\"";
				ENABLE_PREVIEWS = YES;
				GENERATE_INFOPLIST_FILE = YES;
				INFOPLIST_FILE = NotesApp/Info.plist;
				INFOPLIST_KEY_UIApplicationSceneManifest_Generation = YES;
				INFOPLIST_KEY_UIApplicationSupportsIndirectInputEvents = YES;
				INFOPLIST_KEY_UILaunchScreen_Generation = YES;
				INFOPLIST_KEY_UISupportedInterfaceOrientations_iPad = "UIInterfaceOrientationPortrait UIInterfaceOrientationPortraitUpsideDown UIInterfaceOrientationLandscapeLeft UIInterfaceOrientationLandscapeRight";
				INFOPLIST_KEY_UISupportedInterfaceOrientations_iPhone = "UIInterfaceOrientationPortrait UIInterfaceOrientationLandscapeLeft UIInterfaceOrientationLandscapeRight";
				LD_RUNPATH_SEARCH_PATHS = (
					"$(inherited)",
					"@executable_path/Frameworks",
				);
				MARKETING_VERSION = 1.0;
				PRODUCT_BUNDLE_IDENTIFIER = com.me.NotesApp;
				PRODUCT_NAME = "$(TARGET_NAME)";
				SWIFT_EMIT_LOC_STRINGS = YES;
				SWIFT_VERSION = 5.0;
				TARGETED_DEVICE_FAMILY = "1,2";
			};
			name = Release;
		};
		15E937762993EED300E7C417 /* Debug */ = {
			isa = XCBuildConfiguration;
			buildSettings = {
				ALWAYS_EMBED_SWIFT_STANDARD_LIBRARIES = YES;
				BUNDLE_LOADER = "$(TEST_HOST)";
				CODE_SIGN_STYLE = Automatic;
				CURRENT_PROJECT_VERSION = 1;
				GENERATE_INFOPLIST_FILE = YES;
				IPHONEOS_DEPLOYMENT_TARGET = 16.2;
				MARKETING_VERSION = 1.0;
				PRODUCT_BUNDLE_IDENTIFIER = com.me.NotesAppTests;
				PRODUCT_NAME = "$(TARGET_NAME)";
				SWIFT_EMIT_LOC_STRINGS = NO;
				SWIFT_VERSION = 5.0;
				TARGETED_DEVICE_FAMILY = "1,2";
				TEST_HOST = "$(BUILT_PRODUCTS_DIR)/NotesApp.app/$(BUNDLE_EXECUTABLE_FOLDER_PATH)/NotesApp";
			};
			name = Debug;
		};
		15E937772993EED300E7C417 /* Release */ = {
			isa = XCBuildConfiguration;
			buildSettings = {
				ALWAYS_EMBED_SWIFT_STANDARD_LIBRARIES = YES;
				BUNDLE_LOADER = "$(TEST_HOST)";
				CODE_SIGN_STYLE = Automatic;
				CURRENT_PROJECT_VERSION = 1;
				GENERATE_INFOPLIST_FILE = YES;
				IPHONEOS_DEPLOYMENT_TARGET = 16.2;
				MARKETING_VERSION = 1.0;
				PRODUCT_BUNDLE_IDENTIFIER = com.me.NotesAppTests;
				PRODUCT_NAME = "$(TARGET_NAME)";
				SWIFT_EMIT_LOC_STRINGS = NO;
				SWIFT_VERSION = 5.0;
				TARGETED_DEVICE_FAMILY = "1,2";
				TEST_HOST = "$(BUILT_PRODUCTS_DIR)/NotesApp.app/$(BUNDLE_EXECUTABLE_FOLDER_PATH)/NotesApp";
			};
			name = Release;
		};
		15E937792993EED300E7C417 /* Debug */ = {
			isa = XCBuildConfiguration;
			buildSettings = {
				ALWAYS_EMBED_SWIFT_STANDARD_LIBRARIES = YES;
				CODE_SIGN_STYLE = Automatic;
				CURRENT_PROJECT_VERSION = 1;
				GENERATE_INFOPLIST_FILE = YES;
				MARKETING_VERSION = 1.0;
				PRODUCT_BUNDLE_IDENTIFIER = com.me.NotesAppUITests;
				PRODUCT_NAME = "$(TARGET_NAME)";
				SWIFT_EMIT_LOC_STRINGS = NO;
				SWIFT_VERSION = 5.0;
				TARGETED_DEVICE_FAMILY = "1,2";
				TEST_TARGET_NAME = NotesApp;
			};
			name = Debug;
		};
		15E9377A2993EED300E7C417 /* Release */ = {
			isa = XCBuildConfiguration;
			buildSettings = {
				ALWAYS_EMBED_SWIFT_STANDARD_LIBRARIES = YES;
				CODE_SIGN_STYLE = Automatic;
				CURRENT_PROJECT_VERSION = 1;
				GENERATE_INFOPLIST_FILE = YES;
				MARKETING_VERSION = 1.0;
				PRODUCT_BUNDLE_IDENTIFIER = com.me.NotesAppUITests;
				PRODUCT_NAME = "$(TARGET_NAME)";
				SWIFT_EMIT_LOC_STRINGS = NO;
				SWIFT_VERSION = 5.0;
				TARGETED_DEVICE_FAMILY = "1,2";
				TEST_TARGET_NAME = NotesApp;
			};
			name = Release;
		};
/* End XCBuildConfiguration section */

/* Begin XCConfigurationList section */
		15E937442993EED200E7C417 /* Build configuration list for PBXProject "NotesApp" */ = {
			isa = XCConfigurationList;
			buildConfigurations = (
				15E937702993EED300E7C417 /* Debug */,
				15E937712993EED300E7C417 /* Release */,
			);
			defaultConfigurationIsVisible = 0;
			defaultConfigurationName = Release;
		};
		15E937722993EED300E7C417 /* Build configuration list for PBXNativeTarget "NotesApp" */ = {
			isa = XCConfigurationList;
			buildConfigurations = (
				15E937732993EED300E7C417 /* Debug */,
				15E937742993EED300E7C417 /* Release */,
			);
			defaultConfigurationIsVisible = 0;
			defaultConfigurationName = Release;
		};
		15E937752993EED300E7C417 /* Build configuration list for PBXNativeTarget "NotesAppTests" */ = {
			isa = XCConfigurationList;
			buildConfigurations = (
				15E937762993EED300E7C417 /* Debug */,
				15E937772993EED300E7C417 /* Release */,
			);
			defaultConfigurationIsVisible = 0;
			defaultConfigurationName = Release;
		};
		15E937782993EED300E7C417 /* Build configuration list for PBXNativeTarget "NotesAppUITests" */ = {
			isa = XCConfigurationList;
			buildConfigurations = (
				15E937792993EED300E7C417 /* Debug */,
				15E9377A2993EED300E7C417 /* Release */,
			);
			defaultConfigurationIsVisible = 0;
			defaultConfigurationName = Release;
		};
/* End XCConfigurationList section */

/* Begin XCVersionGroup section */
		15E937572993EED200E7C417 /* NotesApp.xcdatamodeld */ = {
			isa = XCVersionGroup;
			children = (
				15E937582993EED200E7C417 /* NotesApp.xcdatamodel */,
			);
			currentVersion = 15E937582993EED200E7C417 /* NotesApp.xcdatamodel */;
			path = NotesApp.xcdatamodeld;
			sourceTree = "<group>";
			versionGroupType = wrapper.xcdatamodel;
		};
/* End XCVersionGroup section */
	};
	rootObject = 15E937412993EED200E7C417 /* Project object */;
}
